{
  "name": "@yousource/ngx-smooth-dnd",
  "version": "1.1.8",
  "lockfileVersion": 1,
  "requires": true,
  "dependencies": {
    "@yousource/smooth-dnd": {
      "version": "1.0.8",
      "resolved": "https://registry.npmjs.org/@yousource/smooth-dnd/-/smooth-dnd-1.0.8.tgz",
      "integrity": "sha512-IhLi0KC8XGwQgNdHkWlTU6pnfeNtT84g9LVOAxGJRdxDRGRGPrg0ANxHQPmGwHYU4nPkzRT9RauKRNjOtzQovA=="
    }
  }
}
